// !$*UTF8*$!
{
	archiveVersion = 1;
	classes = {
	};
	objectVersion = 77;
	objects = {

/* Begin PBXContainerItemProxy section */
		18C9A8422D3E945E00459825 /* PBXContainerItemProxy */ = {
			isa = PBXContainerItemProxy;
			containerPortal = 18C9A8232D3E945C00459825 /* Project object */;
			proxyType = 1;
			remoteGlobalIDString = 18C9A82A2D3E945C00459825;
			remoteInfo = "Application Present Modally with Coding";
		};
		18C9A84C2D3E945E00459825 /* PBXContainerItemProxy */ = {
			isa = PBXContainerItemProxy;
			containerPortal = 18C9A8232D3E945C00459825 /* Project object */;
			proxyType = 1;
			remoteGlobalIDString = 18C9A82A2D3E945C00459825;
			remoteInfo = "Application Present Modally with Coding";
		};
/* End PBXContainerItemProxy section */

/* Begin PBXFileReference section */
		18C9A82B2D3E945C00459825 /* Application Present Modally with Coding.app */ = {isa = PBXFileReference; explicitFileType = wrapper.application; includeInIndex = 0; path = "Application Present Modally with Coding.app"; sourceTree = BUILT_PRODUCTS_DIR; };
		18C9A8412D3E945E00459825 /* Application Present Modally with CodingTests.xctest */ = {isa = PBXFileReference; explicitFileType = wrapper.cfbundle; includeInIndex = 0; path = "Application Present Modally with CodingTests.xctest"; sourceTree = BUILT_PRODUCTS_DIR; };
		18C9A84B2D3E945E00459825 /* Application Present Modally with CodingUITests.xctest */ = {isa = PBXFileReference; explicitFileType = wrapper.cfbundle; includeInIndex = 0; path = "Application Present Modally with CodingUITests.xctest"; sourceTree = BUILT_PRODUCTS_DIR; };
/* End PBXFileReference section */

/* Begin PBXFileSystemSynchronizedBuildFileExceptionSet section */
		18C9A8532D3E945E00459825 /* Exceptions for "Application Present Modally with Coding" folder in "Application Present Modally with Coding" target */ = {
			isa = PBXFileSystemSynchronizedBuildFileExceptionSet;
			membershipExceptions = (
				Info.plist,
			);
			target = 18C9A82A2D3E945C00459825 /* Application Present Modally with Coding */;
		};
/* End PBXFileSystemSynchronizedBuildFileExceptionSet section */

/* Begin PBXFileSystemSynchronizedRootGroup section */
		18C9A82D2D3E945C00459825 /* Application Present Modally with Coding */ = {
			isa = PBXFileSystemSynchronizedRootGroup;
			exceptions = (
				18C9A8532D3E945E00459825 /* Exceptions for "Application Present Modally with Coding" folder in "Application Present Modally with Coding" target */,
			);
			path = "Application Present Modally with Coding";
			sourceTree = "<group>";
		};
		18C9A8442D3E945E00459825 /* Application Present Modally with CodingTests */ = {
			isa = PBXFileSystemSynchronizedRootGroup;
			path = "Application Present Modally with CodingTests";
			sourceTree = "<group>";
		};
		18C9A84E2D3E945E00459825 /* Application Present Modally with CodingUITests */ = {
			isa = PBXFileSystemSynchronizedRootGroup;
			path = "Application Present Modally with CodingUITests";
			sourceTree = "<group>";
		};
/* End PBXFileSystemSynchronizedRootGroup section */

/* Begin PBXFrameworksBuildPhase section */
		18C9A8282D3E945C00459825 /* Frameworks */ = {
			isa = PBXFrameworksBuildPhase;
			buildActionMask = 2147483647;
			files = (
			);
			runOnlyForDeploymentPostprocessing = 0;
		};
		18C9A83E2D3E945E00459825 /* Frameworks */ = {
			isa = PBXFrameworksBuildPhase;
			buildActionMask = 2147483647;
			files = (
			);
			runOnlyForDeploymentPostprocessing = 0;
		};
		18C9A8482D3E945E00459825 /* Frameworks */ = {
			isa = PBXFrameworksBuildPhase;
			buildActionMask = 2147483647;
			files = (
			);
			runOnlyForDeploymentPostprocessing = 0;
		};
/* End PBXFrameworksBuildPhase section */

/* Begin PBXGroup section */
		18C9A8222D3E945C00459825 = {
			isa = PBXGroup;
			children = (
				18C9A82D2D3E945C00459825 /* Application Present Modally with Coding */,
				18C9A8442D3E945E00459825 /* Application Present Modally with CodingTests */,
				18C9A84E2D3E945E00459825 /* Application Present Modally with CodingUITests */,
				18C9A82C2D3E945C00459825 /* Products */,
			);
			sourceTree = "<group>";
		};
		18C9A82C2D3E945C00459825 /* Products */ = {
			isa = PBXGroup;
			children = (
				18C9A82B2D3E945C00459825 /* Application Present Modally with Coding.app */,
				18C9A8412D3E945E00459825 /* Application Present Modally with CodingTests.xctest */,
				18C9A84B2D3E945E00459825 /* Application Present Modally with CodingUITests.xctest */,
			);
			name = Products;
			sourceTree = "<group>";
		};
/* End PBXGroup section */

/* Begin PBXNativeTarget section */
		18C9A82A2D3E945C00459825 /* Application Present Modally with Coding */ = {
			isa = PBXNativeTarget;
			buildConfigurationList = 18C9A8542D3E945E00459825 /* Build configuration list for PBXNativeTarget "Application Present Modally with Coding" */;
			buildPhases = (
				18C9A8272D3E945C00459825 /* Sources */,
				18C9A8282D3E945C00459825 /* Frameworks */,
				18C9A8292D3E945C00459825 /* Resources */,
			);
			buildRules = (
			);
			dependencies = (
			);
			fileSystemSynchronizedGroups = (
				18C9A82D2D3E945C00459825 /* Application Present Modally with Coding */,
			);
			name = "Application Present Modally with Coding";
			packageProductDependencies = (
			);
			productName = "Application Present Modally with Coding";
			productReference = 18C9A82B2D3E945C00459825 /* Application Present Modally with Coding.app */;
			productType = "com.apple.product-type.application";
		};
		18C9A8402D3E945E00459825 /* Application Present Modally with CodingTests */ = {
			isa = PBXNativeTarget;
			buildConfigurationList = 18C9A8592D3E945E00459825 /* Build configuration list for PBXNativeTarget "Application Present Modally with CodingTests" */;
			buildPhases = (
				18C9A83D2D3E945E00459825 /* Sources */,
				18C9A83E2D3E945E00459825 /* Frameworks */,
				18C9A83F2D3E945E00459825 /* Resources */,
			);
			buildRules = (
			);
			dependencies = (
				18C9A8432D3E945E00459825 /* PBXTargetDependency */,
			);
			fileSystemSynchronizedGroups = (
				18C9A8442D3E945E00459825 /* Application Present Modally with CodingTests */,
			);
			name = "Application Present Modally with CodingTests";
			packageProductDependencies = (
			);
			productName = "Application Present Modally with CodingTests";
			productReference = 18C9A8412D3E945E00459825 /* Application Present Modally with CodingTests.xctest */;
			productType = "com.apple.product-type.bundle.unit-test";
		};
		18C9A84A2D3E945E00459825 /* Application Present Modally with CodingUITests */ = {
			isa = PBXNativeTarget;
			buildConfigurationList = 18C9A85C2D3E945E00459825 /* Build configuration list for PBXNativeTarget "Application Present Modally with CodingUITests" */;
			buildPhases = (
				18C9A8472D3E945E00459825 /* Sources */,
				18C9A8482D3E945E00459825 /* Frameworks */,
				18C9A8492D3E945E00459825 /* Resources */,
			);
			buildRules = (
			);
			dependencies = (
				18C9A84D2D3E945E00459825 /* PBXTargetDependency */,
			);
			fileSystemSynchronizedGroups = (
				18C9A84E2D3E945E00459825 /* Application Present Modally with CodingUITests */,
			);
			name = "Application Present Modally with CodingUITests";
			packageProductDependencies = (
			);
			productName = "Application Present Modally with CodingUITests";
			productReference = 18C9A84B2D3E945E00459825 /* Application Present Modally with CodingUITests.xctest */;
			productType = "com.apple.product-type.bundle.ui-testing";
		};
/* End PBXNativeTarget section */

/* Begin PBXProject section */
		18C9A8232D3E945C00459825 /* Project object */ = {
			isa = PBXProject;
			attributes = {
				BuildIndependentTargetsInParallel = 1;
				LastSwiftUpdateCheck = 1620;
				LastUpgradeCheck = 1620;
				TargetAttributes = {
					18C9A82A2D3E945C00459825 = {
						CreatedOnToolsVersion = 16.2;
					};
					18C9A8402D3E945E00459825 = {
						CreatedOnToolsVersion = 16.2;
						TestTargetID = 18C9A82A2D3E945C00459825;
					};
					18C9A84A2D3E945E00459825 = {
						CreatedOnToolsVersion = 16.2;
						TestTargetID = 18C9A82A2D3E945C00459825;
					};
				};
			};
			buildConfigurationList = 18C9A8262D3E945C00459825 /* Build configuration list for PBXProject "Application Present Modally with Coding" */;
			developmentRegion = en;
			hasScannedForEncodings = 0;
			knownRegions = (
				en,
				Base,
			);
			mainGroup = 18C9A8222D3E945C00459825;
			minimizedProjectReferenceProxies = 1;
			preferredProjectObjectVersion = 77;
			productRefGroup = 18C9A82C2D3E945C00459825 /* Products */;
			projectDirPath = "";
			projectRoot = "";
			targets = (
				18C9A82A2D3E945C00459825 /* Application Present Modally with Coding */,
				18C9A8402D3E945E00459825 /* Application Present Modally with CodingTests */,
				18C9A84A2D3E945E00459825 /* Application Present Modally with CodingUITests */,
			);
		};
/* End PBXProject section */

/* Begin PBXResourcesBuildPhase section */
		18C9A8292D3E945C00459825 /* Resources */ = {
			isa = PBXResourcesBuildPhase;
			buildActionMask = 2147483647;
			files = (
			);
			runOnlyForDeploymentPostprocessing = 0;
		};
		18C9A83F2D3E945E00459825 /* Resources */ = {
			isa = PBXResourcesBuildPhase;
			buildActionMask = 2147483647;
			files = (
			);
			runOnlyForDeploymentPostprocessing = 0;
		};
		18C9A8492D3E945E00459825 /* Resources */ = {
			isa = PBXResourcesBuildPhase;
			buildActionMask = 2147483647;
			files = (
			);
			runOnlyForDeploymentPostprocessing = 0;
		};
/* End PBXResourcesBuildPhase section */

/* Begin PBXSourcesBuildPhase section */
		18C9A8272D3E945C00459825 /* Sources */ = {
			isa = PBXSourcesBuildPhase;
			buildActionMask = 2147483647;
			files = (
			);
			runOnlyForDeploymentPostprocessing = 0;
		};
		18C9A83D2D3E945E00459825 /* Sources */ = {
			isa = PBXSourcesBuildPhase;
			buildActionMask = 2147483647;
			files = (
			);
			runOnlyForDeploymentPostprocessing = 0;
		};
		18C9A8472D3E945E00459825 /* Sources */ = {
			isa = PBXSourcesBuildPhase;
			buildActionMask = 2147483647;
			files = (
			);
			runOnlyForDeploymentPostprocessing = 0;
		};
/* End PBXSourcesBuildPhase section */

/* Begin PBXTargetDependency section */
		18C9A8432D3E945E00459825 /* PBXTargetDependency */ = {
			isa = PBXTargetDependency;
			target = 18C9A82A2D3E945C00459825 /* Application Present Modally with Coding */;
			targetProxy = 18C9A8422D3E945E00459825 /* PBXContainerItemProxy */;
		};
		18C9A84D2D3E945E00459825 /* PBXTargetDependency */ = {
			isa = PBXTargetDependency;
			target = 18C9A82A2D3E945C00459825 /* Application Present Modally with Coding */;
			targetProxy = 18C9A84C2D3E945E00459825 /* PBXContainerItemProxy */;
		};
/* End PBXTargetDependency section */

/* Begin XCBuildConfiguration section */
		18C9A8552D3E945E00459825 /* Debug */ = {
			isa = XCBuildConfiguration;
			buildSettings = {
				ASSETCATALOG_COMPILER_APPICON_NAME = AppIcon;
				ASSETCATALOG_COMPILER_GLOBAL_ACCENT_COLOR_NAME = AccentColor;
				CODE_SIGN_STYLE = Automatic;
				CURRENT_PROJECT_VERSION = 1;
				DEVELOPMENT_TEAM = 5GF67AW776;
				GENERATE_INFOPLIST_FILE = YES;
				INFOPLIST_FILE = "Application Present Modally with Coding/Info.plist";
				INFOPLIST_KEY_UIApplicationSupportsIndirectInputEvents = YES;
				INFOPLIST_KEY_UILaunchStoryboardName = LaunchScreen;
				INFOPLIST_KEY_UIMainStoryboardFile = Main;
				INFOPLIST_KEY_UISupportedInterfaceOrientations_iPad = "UIInterfaceOrientationPortrait UIInterfaceOrientationPortraitUpsideDown UIInterfaceOrientationLandscapeLeft UIInterfaceOrientationLandscapeRight";
				INFOPLIST_KEY_UISupportedInterfaceOrientations_iPhone = "UIInterfaceOrientationPortrait UIInterfaceOrientationLandscapeLeft UIInterfaceOrientationLandscapeRight";
				LD_RUNPATH_SEARCH_PATHS = (
					"$(inherited)",
					"@executable_path/Frameworks",
				);
				MARKETING_VERSION = 1.0;
				PRODUCT_BUNDLE_IDENTIFIER = "info.Application-Present-Modally-with-Coding";
				PRODUCT_NAME = "$(TARGET_NAME)";
				SWIFT_EMIT_LOC_STRINGS = YES;
				SWIFT_VERSION = 5.0;
				TARGETED_DEVICE_FAMILY = "1,2";
			};
			name = Debug;
		};
		18C9A8562D3E945E00459825 /* Release */ = {
			isa = XCBuildConfiguration;
			buildSettings = {
				ASSETCATALOG_COMPILER_APPICON_NAME = AppIcon;
				ASSETCATALOG_COMPILER_GLOBAL_ACCENT_COLOR_NAME = AccentColor;
				CODE_SIGN_STYLE = Automatic;
				CURRENT_PROJECT_VERSION = 1;
				DEVELOPMENT_TEAM = 5GF67AW776;
				GENERATE_INFOPLIST_FILE = YES;
				INFOPLIST_FILE = "Application Present Modally with Coding/Info.plist";
				INFOPLIST_KEY_UIApplicationSupportsIndirectInputEvents = YES;
				INFOPLIST_KEY_UILaunchStoryboardName = LaunchScreen;
				INFOPLIST_KEY_UIMainStoryboardFile = Main;
				INFOPLIST_KEY_UISupportedInterfaceOrientations_iPad = "UIInterfaceOrientationPortrait UIInterfaceOrientationPortraitUpsideDown UIInterfaceOrientationLandscapeLeft UIInterfaceOrientationLandscapeRight";
				INFOPLIST_KEY_UISupportedInterfaceOrientations_iPhone = "UIInterfaceOrientationPortrait UIInterfaceOrientationLandscapeLeft UIInterfaceOrientationLandscapeRight";
				LD_RUNPATH_SEARCH_PATHS = (
					"$(inherited)",
					"@executable_path/Frameworks",
				);
				MARKETING_VERSION = 1.0;
				PRODUCT_BUNDLE_IDENTIFIER = "info.Application-Present-Modally-with-Coding";
				PRODUCT_NAME = "$(TARGET_NAME)";
				SWIFT_EMIT_LOC_STRINGS = YES;
				SWIFT_VERSION = 5.0;
				TARGETED_DEVICE_FAMILY = "1,2";
			};
			name = Release;
		};
		18C9A8572D3E945E00459825 /* Debug */ = {
			isa = XCBuildConfiguration;
			buildSettings = {
				ALWAYS_SEARCH_USER_PATHS = NO;
				ASSETCATALOG_COMPILER_GENERATE_SWIFT_ASSET_SYMBOL_EXTENSIONS = YES;
				CLANG_ANALYZER_NONNULL = YES;
				CLANG_ANALYZER_NUMBER_OBJECT_CONVERSION = YES_AGGRESSIVE;
				CLANG_CXX_LANGUAGE_STANDARD = "gnu++20";
				CLANG_ENABLE_MODULES = YES;
				CLANG_ENABLE_OBJC_ARC = YES;
				CLANG_ENABLE_OBJC_WEAK = YES;
				CLANG_WARN_BLOCK_CAPTURE_AUTORELEASING = YES;
				CLANG_WARN_BOOL_CONVERSION = YES;
				CLANG_WARN_COMMA = YES;
				CLANG_WARN_CONSTANT_CONVERSION = YES;
				CLANG_WARN_DEPRECATED_OBJC_IMPLEMENTATIONS = YES;
				CLANG_WARN_DIRECT_OBJC_ISA_USAGE = YES_ERROR;
				CLANG_WARN_DOCUMENTATION_COMMENTS = YES;
				CLANG_WARN_EMPTY_BODY = YES;
				CLANG_WARN_ENUM_CONVERSION = YES;
				CLANG_WARN_INFINITE_RECURSION = YES;
				CLANG_WARN_INT_CONVERSION = YES;
				CLANG_WARN_NON_LITERAL_NULL_CONVERSION = YES;
				CLANG_WARN_OBJC_IMPLICIT_RETAIN_SELF = YES;
				CLANG_WARN_OBJC_LITERAL_CONVERSION = YES;
				CLANG_WARN_OBJC_ROOT_CLASS = YES_ERROR;
				CLANG_WARN_QUOTED_INCLUDE_IN_FRAMEWORK_HEADER = YES;
				CLANG_WARN_RANGE_LOOP_ANALYSIS = YES;
				CLANG_WARN_STRICT_PROTOTYPES = YES;
				CLANG_WARN_SUSPICIOUS_MOVE = YES;
				CLANG_WARN_UNGUARDED_AVAILABILITY = YES_AGGRESSIVE;
				CLANG_WARN_UNREACHABLE_CODE = YES;
				CLANG_WARN__DUPLICATE_METHOD_MATCH = YES;
				COPY_PHASE_STRIP = NO;
				DEBUG_INFORMATION_FORMAT = dwarf;
				ENABLE_STRICT_OBJC_MSGSEND = YES;
				ENABLE_TESTABILITY = YES;
				ENABLE_USER_SCRIPT_SANDBOXING = YES;
				GCC_C_LANGUAGE_STANDARD = gnu17;
				GCC_DYNAMIC_NO_PIC = NO;
				GCC_NO_COMMON_BLOCKS = YES;
				GCC_OPTIMIZATION_LEVEL = 0;
				GCC_PREPROCESSOR_DEFINITIONS = (
					"DEBUG=1",
					"$(inherited)",
				);
				GCC_WARN_64_TO_32_BIT_CONVERSION = YES;
				GCC_WARN_ABOUT_RETURN_TYPE = YES_ERROR;
				GCC_WARN_UNDECLARED_SELECTOR = YES;
				GCC_WARN_UNINITIALIZED_AUTOS = YES_AGGRESSIVE;
				GCC_WARN_UNUSED_FUNCTION = YES;
				GCC_WARN_UNUSED_VARIABLE = YES;
				IPHONEOS_DEPLOYMENT_TARGET = 18.2;
				LOCALIZATION_PREFERS_STRING_CATALOGS = YES;
				MTL_ENABLE_DEBUG_INFO = INCLUDE_SOURCE;
				MTL_FAST_MATH = YES;
				ONLY_ACTIVE_ARCH = YES;
				SDKROOT = iphoneos;
				SWIFT_ACTIVE_COMPILATION_CONDITIONS = "DEBUG $(inherited)";
				SWIFT_OPTIMIZATION_LEVEL = "-Onone";
			};
			name = Debug;
		};
		18C9A8582D3E945E00459825 /* Release */ = {
			isa = XCBuildConfiguration;
			buildSettings = {
				ALWAYS_SEARCH_USER_PATHS = NO;
				ASSETCATALOG_COMPILER_GENERATE_SWIFT_ASSET_SYMBOL_EXTENSIONS = YES;
				CLANG_ANALYZER_NONNULL = YES;
				CLANG_ANALYZER_NUMBER_OBJECT_CONVERSION = YES_AGGRESSIVE;
				CLANG_CXX_LANGUAGE_STANDARD = "gnu++20";
				CLANG_ENABLE_MODULES = YES;
				CLANG_ENABLE_OBJC_ARC = YES;
				CLANG_ENABLE_OBJC_WEAK = YES;
				CLANG_WARN_BLOCK_CAPTURE_AUTORELEASING = YES;
				CLANG_WARN_BOOL_CONVERSION = YES;
				CLANG_WARN_COMMA = YES;
				CLANG_WARN_CONSTANT_CONVERSION = YES;
				CLANG_WARN_DEPRECATED_OBJC_IMPLEMENTATIONS = YES;
				CLANG_WARN_DIRECT_OBJC_ISA_USAGE = YES_ERROR;
				CLANG_WARN_DOCUMENTATION_COMMENTS = YES;
				CLANG_WARN_EMPTY_BODY = YES;
				CLANG_WARN_ENUM_CONVERSION = YES;
				CLANG_WARN_INFINITE_RECURSION = YES;
				CLANG_WARN_INT_CONVERSION = YES;
				CLANG_WARN_NON_LITERAL_NULL_CONVERSION = YES;
				CLANG_WARN_OBJC_IMPLICIT_RETAIN_SELF = YES;
				CLANG_WARN_OBJC_LITERAL_CONVERSION = YES;
				CLANG_WARN_OBJC_ROOT_CLASS = YES_ERROR;
				CLANG_WARN_QUOTED_INCLUDE_IN_FRAMEWORK_HEADER = YES;
				CLANG_WARN_RANGE_LOOP_ANALYSIS = YES;
				CLANG_WARN_STRICT_PROTOTYPES = YES;
				CLANG_WARN_SUSPICIOUS_MOVE = YES;
				CLANG_WARN_UNGUARDED_AVAILABILITY = YES_AGGRESSIVE;
				CLANG_WARN_UNREACHABLE_CODE = YES;
				CLANG_WARN__DUPLICATE_METHOD_MATCH = YES;
				COPY_PHASE_STRIP = NO;
				DEBUG_INFORMATION_FORMAT = "dwarf-with-dsym";
				ENABLE_NS_ASSERTIONS = NO;
				ENABLE_STRICT_OBJC_MSGSEND = YES;
				ENABLE_USER_SCRIPT_SANDBOXING = YES;
				GCC_C_LANGUAGE_STANDARD = gnu17;
				GCC_NO_COMMON_BLOCKS = YES;
				GCC_WARN_64_TO_32_BIT_CONVERSION = YES;
				GCC_WARN_ABOUT_RETURN_TYPE = YES_ERROR;
				GCC_WARN_UNDECLARED_SELECTOR = YES;
				GCC_WARN_UNINITIALIZED_AUTOS = YES_AGGRESSIVE;
				GCC_WARN_UNUSED_FUNCTION = YES;
				GCC_WARN_UNUSED_VARIABLE = YES;
				IPHONEOS_DEPLOYMENT_TARGET = 18.2;
				LOCALIZATION_PREFERS_STRING_CATALOGS = YES;
				MTL_ENABLE_DEBUG_INFO = NO;
				MTL_FAST_MATH = YES;
				SDKROOT = iphoneos;
				SWIFT_COMPILATION_MODE = wholemodule;
				VALIDATE_PRODUCT = YES;
			};
			name = Release;
		};
		18C9A85A2D3E945E00459825 /* Debug */ = {
			isa = XCBuildConfiguration;
			buildSettings = {
				BUNDLE_LOADER = "$(TEST_HOST)";
				CODE_SIGN_STYLE = Automatic;
				CURRENT_PROJECT_VERSION = 1;
				DEVELOPMENT_TEAM = 5GF67AW776;
				GENERATE_INFOPLIST_FILE = YES;
				IPHONEOS_DEPLOYMENT_TARGET = 18.2;
				MARKETING_VERSION = 1.0;
				PRODUCT_BUNDLE_IDENTIFIER = "info.Application-Present-Modally-with-CodingTests";
				PRODUCT_NAME = "$(TARGET_NAME)";
				SWIFT_EMIT_LOC_STRINGS = NO;
				SWIFT_VERSION = 5.0;
				TARGETED_DEVICE_FAMILY = "1,2";
				TEST_HOST = "$(BUILT_PRODUCTS_DIR)/Application Present Modally with Coding.app/$(BUNDLE_EXECUTABLE_FOLDER_PATH)/Application Present Modally with Coding";
			};
			name = Debug;
		};
		18C9A85B2D3E945E00459825 /* Release */ = {
			isa = XCBuildConfiguration;
			buildSettings = {
				BUNDLE_LOADER = "$(TEST_HOST)";
				CODE_SIGN_STYLE = Automatic;
				CURRENT_PROJECT_VERSION = 1;
				DEVELOPMENT_TEAM = 5GF67AW776;
				GENERATE_INFOPLIST_FILE = YES;
				IPHONEOS_DEPLOYMENT_TARGET = 18.2;
				MARKETING_VERSION = 1.0;
				PRODUCT_BUNDLE_IDENTIFIER = "info.Application-Present-Modally-with-CodingTests";
				PRODUCT_NAME = "$(TARGET_NAME)";
				SWIFT_EMIT_LOC_STRINGS = NO;
				SWIFT_VERSION = 5.0;
				TARGETED_DEVICE_FAMILY = "1,2";
				TEST_HOST = "$(BUILT_PRODUCTS_DIR)/Application Present Modally with Coding.app/$(BUNDLE_EXECUTABLE_FOLDER_PATH)/Application Present Modally with Coding";
			};
			name = Release;
		};
		18C9A85D2D3E945E00459825 /* Debug */ = {
			isa = XCBuildConfiguration;
			buildSettings = {
				CODE_SIGN_STYLE = Automatic;
				CURRENT_PROJECT_VERSION = 1;
				DEVELOPMENT_TEAM = 5GF67AW776;
				GENERATE_INFOPLIST_FILE = YES;
				MARKETING_VERSION = 1.0;
				PRODUCT_BUNDLE_IDENTIFIER = "info.Application-Present-Modally-with-CodingUITests";
				PRODUCT_NAME = "$(TARGET_NAME)";
				SWIFT_EMIT_LOC_STRINGS = NO;
				SWIFT_VERSION = 5.0;
				TARGETED_DEVICE_FAMILY = "1,2";
				TEST_TARGET_NAME = "Application Present Modally with Coding";
			};
			name = Debug;
		};
		18C9A85E2D3E945E00459825 /* Release */ = {
			isa = XCBuildConfiguration;
			buildSettings = {
				CODE_SIGN_STYLE = Automatic;
				CURRENT_PROJECT_VERSION = 1;
				DEVELOPMENT_TEAM = 5GF67AW776;
				GENERATE_INFOPLIST_FILE = YES;
				MARKETING_VERSION = 1.0;
				PRODUCT_BUNDLE_IDENTIFIER = "info.Application-Present-Modally-with-CodingUITests";
				PRODUCT_NAME = "$(TARGET_NAME)";
				SWIFT_EMIT_LOC_STRINGS = NO;
				SWIFT_VERSION = 5.0;
				TARGETED_DEVICE_FAMILY = "1,2";
				TEST_TARGET_NAME = "Application Present Modally with Coding";
			};
			name = Release;
		};
/* End XCBuildConfiguration section */

/* Begin XCConfigurationList section */
		18C9A8262D3E945C00459825 /* Build configuration list for PBXProject "Application Present Modally with Coding" */ = {
			isa = XCConfigurationList;
			buildConfigurations = (
				18C9A8572D3E945E00459825 /* Debug */,
				18C9A8582D3E945E00459825 /* Release */,
			);
			defaultConfigurationIsVisible = 0;
			defaultConfigurationName = Release;
		};
		18C9A8542D3E945E00459825 /* Build configuration list for PBXNativeTarget "Application Present Modally with Coding" */ = {
			isa = XCConfigurationList;
			buildConfigurations = (
				18C9A8552D3E945E00459825 /* Debug */,
				18C9A8562D3E945E00459825 /* Release */,
			);
			defaultConfigurationIsVisible = 0;
			defaultConfigurationName = Release;
		};
		18C9A8592D3E945E00459825 /* Build configuration list for PBXNativeTarget "Application Present Modally with CodingTests" */ = {
			isa = XCConfigurationList;
			buildConfigurations = (
				18C9A85A2D3E945E00459825 /* Debug */,
				18C9A85B2D3E945E00459825 /* Release */,
			);
			defaultConfigurationIsVisible = 0;
			defaultConfigurationName = Release;
		};
		18C9A85C2D3E945E00459825 /* Build configuration list for PBXNativeTarget "Application Present Modally with CodingUITests" */ = {
			isa = XCConfigurationList;
			buildConfigurations = (
				18C9A85D2D3E945E00459825 /* Debug */,
				18C9A85E2D3E945E00459825 /* Release */,
			);
			defaultConfigurationIsVisible = 0;
			defaultConfigurationName = Release;
		};
/* End XCConfigurationList section */
	};
	rootObject = 18C9A8232D3E945C00459825 /* Project object */;
}
